
Microsoft Visual Studio Solution File, Format Version 12.00
# Visual Studio Version 16
VisualStudioVersion = 16.0.29102.190
MinimumVisualStudioVersion = 10.0.40219.1
Project("{FAE04EC0-301F-11D3-BF4B-00C04F79EFBC}") = "Assembly-CSharp", "Assembly-CSharp.csproj", "{354B368C-DEB3-6397-19A7-7D0873DDC1CF}"
EndProject
Project("{FAE04EC0-301F-11D3-BF4B-00C04F79EFBC}") = "Assembly-CSharp-Editor", "Assembly-CSharp-Editor.csproj", "{67C1E3E2-9974-A9AD-1C90-5C9F65C8B6BA}"
EndProject
Global
	GlobalSection(SolutionConfigurationPlatforms) = preSolution
		Debug|Any CPU = Debug|Any CPU
		Release|Any CPU = Release|Any CPU
	EndGlobalSection
	GlobalSection(ProjectConfigurationPlatforms) = postSolution
		{354B368C-DEB3-6397-19A7-7D0873DDC1CF}.Debug|Any CPU.ActiveCfg = Debug|Any CPU
		{354B368C-DEB3-6397-19A7-7D0873DDC1CF}.Debug|Any CPU.Build.0 = Debug|Any CPU
		{354B368C-DEB3-6397-19A7-7D0873DDC1CF}.Release|Any CPU.ActiveCfg = Release|Any CPU
		{354B368C-DEB3-6397-19A7-7D0873DDC1CF}.Release|Any CPU.Build.0 = Release|Any CPU
		{67C1E3E2-9974-A9AD-1C90-5C9F65C8B6BA}.Debug|Any CPU.ActiveCfg = Debug|Any CPU
		{67C1E3E2-9974-A9AD-1C90-5C9F65C8B6BA}.Debug|Any CPU.Build.0 = Debug|Any CPU
		{67C1E3E2-9974-A9AD-1C90-5C9F65C8B6BA}.Release|Any CPU.ActiveCfg = Release|Any CPU
		{67C1E3E2-9974-A9AD-1C90-5C9F65C8B6BA}.Release|Any CPU.Build.0 = Release|Any CPU
	EndGlobalSection
	GlobalSection(SolutionProperties) = preSolution
		HideSolutionNode = FALSE
	EndGlobalSection
	GlobalSection(ExtensibilityGlobals) = postSolution
		SolutionGuid = {49EA941E-8422-4805-9D2E-E6DCCDD9DBD3}
	EndGlobalSection
EndGlobal
